
Microsoft Visual Studio Solution File, Format Version 12.00
# Visual Studio Version 17
VisualStudioVersion = 17.10.34928.147
MinimumVisualStudioVersion = 10.0.40219.1
Project("{FAE04EC0-301F-11D3-BF4B-00C04F79EFBC}") = "WitchInTheWoodsLevelEditor", "WitchInTheWoodsLevelEditor\WitchInTheWoodsLevelEditor.csproj", "{F20E8DC6-D7E8-4260-97B1-05DF1DA5F618}"
EndProject
Global
	GlobalSection(SolutionConfigurationPlatforms) = preSolution
		Debug|Any CPU = Debug|Any CPU
		Release|Any CPU = Release|Any CPU
	EndGlobalSection
	GlobalSection(ProjectConfigurationPlatforms) = postSolution
		{F20E8DC6-D7E8-4260-97B1-05DF1DA5F618}.Debug|Any CPU.ActiveCfg = Debug|Any CPU
		{F20E8DC6-D7E8-4260-97B1-05DF1DA5F618}.Debug|Any CPU.Build.0 = Debug|Any CPU
		{F20E8DC6-D7E8-4260-97B1-05DF1DA5F618}.Release|Any CPU.ActiveCfg = Release|Any CPU
		{F20E8DC6-D7E8-4260-97B1-05DF1DA5F618}.Release|Any CPU.Build.0 = Release|Any CPU
	EndGlobalSection
	GlobalSection(SolutionProperties) = preSolution
		HideSolutionNode = FALSE
	EndGlobalSection
	GlobalSection(ExtensibilityGlobals) = postSolution
		SolutionGuid = {1A33F692-E577-47B3-A937-E8CEA30AD6D4}
	EndGlobalSection
EndGlobal
